
Microsoft Visual Studio Solution File, Format Version 12.00
# Visual Studio Version 16
VisualStudioVersion = 16.0.29905.134
MinimumVisualStudioVersion = 10.0.40219.1
Project("{9A19103F-16F7-4668-BE54-9A1E7A4F7556}") = "Kółko i krzyżyk", "Kółko i krzyżyk\Kółko i krzyżyk.csproj", "{D866E12B-4620-42F8-A9D9-FBC8682BEFF0}"
EndProject
Project("{FAE04EC0-301F-11D3-BF4B-00C04F79EFBC}") = "KółkoIKrzyżykLib", "KółkoIKrzyżykLib\KółkoIKrzyżykLib.csproj", "{02C0981E-CF92-4433-9CB3-248F8CBF3619}"
EndProject
Global
	GlobalSection(SolutionConfigurationPlatforms) = preSolution
		Debug|Any CPU = Debug|Any CPU
		Release|Any CPU = Release|Any CPU
	EndGlobalSection
	GlobalSection(ProjectConfigurationPlatforms) = postSolution
		{D866E12B-4620-42F8-A9D9-FBC8682BEFF0}.Debug|Any CPU.ActiveCfg = Debug|Any CPU
		{D866E12B-4620-42F8-A9D9-FBC8682BEFF0}.Debug|Any CPU.Build.0 = Debug|Any CPU
		{D866E12B-4620-42F8-A9D9-FBC8682BEFF0}.Release|Any CPU.ActiveCfg = Release|Any CPU
		{D866E12B-4620-42F8-A9D9-FBC8682BEFF0}.Release|Any CPU.Build.0 = Release|Any CPU
		{02C0981E-CF92-4433-9CB3-248F8CBF3619}.Debug|Any CPU.ActiveCfg = Debug|Any CPU
		{02C0981E-CF92-4433-9CB3-248F8CBF3619}.Debug|Any CPU.Build.0 = Debug|Any CPU
		{02C0981E-CF92-4433-9CB3-248F8CBF3619}.Release|Any CPU.ActiveCfg = Release|Any CPU
		{02C0981E-CF92-4433-9CB3-248F8CBF3619}.Release|Any CPU.Build.0 = Release|Any CPU
	EndGlobalSection
	GlobalSection(SolutionProperties) = preSolution
		HideSolutionNode = FALSE
	EndGlobalSection
	GlobalSection(ExtensibilityGlobals) = postSolution
		SolutionGuid = {D890F559-946E-4DC6-9C47-9546BBEBE6F8}
	EndGlobalSection
EndGlobal
